
Microsoft Visual Studio Solution File, Format Version 12.00
# Visual Studio 2013
VisualStudioVersion = 12.0.21005.1
MinimumVisualStudioVersion = 10.0.40219.1
Project("{FAE04EC0-301F-11D3-BF4B-00C04F79EFBC}") = "LMessenger", "LMessenger\LMessenger.csproj", "{E3FC3C0E-A6F5-4B32-BEC4-738FCAF84B6F}"
EndProject
Project("{FAE04EC0-301F-11D3-BF4B-00C04F79EFBC}") = "LMessengerServer", "LMessengerServer\LMessengerServer.csproj", "{B1AAC1E8-254E-4055-A635-745172247EBF}"
EndProject
Project("{FAE04EC0-301F-11D3-BF4B-00C04F79EFBC}") = "LNetwork", "LNetwork\LNetwork.csproj", "{A8D89FDA-0A1D-4689-8B46-A08B4ADFEDD1}"
EndProject
Global
	GlobalSection(SolutionConfigurationPlatforms) = preSolution
		Debug|Any CPU = Debug|Any CPU
		Release|Any CPU = Release|Any CPU
	EndGlobalSection
	GlobalSection(ProjectConfigurationPlatforms) = postSolution
		{E3FC3C0E-A6F5-4B32-BEC4-738FCAF84B6F}.Debug|Any CPU.ActiveCfg = Debug|Any CPU
		{E3FC3C0E-A6F5-4B32-BEC4-738FCAF84B6F}.Debug|Any CPU.Build.0 = Debug|Any CPU
		{E3FC3C0E-A6F5-4B32-BEC4-738FCAF84B6F}.Release|Any CPU.ActiveCfg = Release|Any CPU
		{E3FC3C0E-A6F5-4B32-BEC4-738FCAF84B6F}.Release|Any CPU.Build.0 = Release|Any CPU
		{B1AAC1E8-254E-4055-A635-745172247EBF}.Debug|Any CPU.ActiveCfg = Debug|Any CPU
		{B1AAC1E8-254E-4055-A635-745172247EBF}.Debug|Any CPU.Build.0 = Debug|Any CPU
		{B1AAC1E8-254E-4055-A635-745172247EBF}.Release|Any CPU.ActiveCfg = Release|Any CPU
		{B1AAC1E8-254E-4055-A635-745172247EBF}.Release|Any CPU.Build.0 = Release|Any CPU
		{A8D89FDA-0A1D-4689-8B46-A08B4ADFEDD1}.Debug|Any CPU.ActiveCfg = Debug|Any CPU
		{A8D89FDA-0A1D-4689-8B46-A08B4ADFEDD1}.Debug|Any CPU.Build.0 = Debug|Any CPU
		{A8D89FDA-0A1D-4689-8B46-A08B4ADFEDD1}.Release|Any CPU.ActiveCfg = Release|Any CPU
		{A8D89FDA-0A1D-4689-8B46-A08B4ADFEDD1}.Release|Any CPU.Build.0 = Release|Any CPU
	EndGlobalSection
	GlobalSection(SolutionProperties) = preSolution
		HideSolutionNode = FALSE
	EndGlobalSection
EndGlobal
